
Microsoft Visual Studio Solution File, Format Version 12.00
# Visual Studio 14
VisualStudioVersion = 14.0.25420.1
MinimumVisualStudioVersion = 10.0.40219.1
Project("{FAE04EC0-301F-11D3-BF4B-00C04F79EFBC}") = "Task1", "Task1\Task1.csproj", "{B906CC58-CD2B-48CD-AFE3-790EB9E517D1}"
EndProject
Project("{FAE04EC0-301F-11D3-BF4B-00C04F79EFBC}") = "Task2", "Task2\Task2.csproj", "{23B14673-0C60-403D-8457-F68C171ED8D0}"
EndProject
Project("{FAE04EC0-301F-11D3-BF4B-00C04F79EFBC}") = "Task3", "Task3\Task3.csproj", "{0BB4DF26-4470-4FAD-8CAD-595F20A7C1D8}"
EndProject
Global
	GlobalSection(SolutionConfigurationPlatforms) = preSolution
		Debug|Any CPU = Debug|Any CPU
		Release|Any CPU = Release|Any CPU
	EndGlobalSection
	GlobalSection(ProjectConfigurationPlatforms) = postSolution
		{B906CC58-CD2B-48CD-AFE3-790EB9E517D1}.Debug|Any CPU.ActiveCfg = Debug|Any CPU
		{B906CC58-CD2B-48CD-AFE3-790EB9E517D1}.Debug|Any CPU.Build.0 = Debug|Any CPU
		{B906CC58-CD2B-48CD-AFE3-790EB9E517D1}.Release|Any CPU.ActiveCfg = Release|Any CPU
		{B906CC58-CD2B-48CD-AFE3-790EB9E517D1}.Release|Any CPU.Build.0 = Release|Any CPU
		{23B14673-0C60-403D-8457-F68C171ED8D0}.Debug|Any CPU.ActiveCfg = Debug|Any CPU
		{23B14673-0C60-403D-8457-F68C171ED8D0}.Debug|Any CPU.Build.0 = Debug|Any CPU
		{23B14673-0C60-403D-8457-F68C171ED8D0}.Release|Any CPU.ActiveCfg = Release|Any CPU
		{23B14673-0C60-403D-8457-F68C171ED8D0}.Release|Any CPU.Build.0 = Release|Any CPU
		{0BB4DF26-4470-4FAD-8CAD-595F20A7C1D8}.Debug|Any CPU.ActiveCfg = Debug|Any CPU
		{0BB4DF26-4470-4FAD-8CAD-595F20A7C1D8}.Debug|Any CPU.Build.0 = Debug|Any CPU
		{0BB4DF26-4470-4FAD-8CAD-595F20A7C1D8}.Release|Any CPU.ActiveCfg = Release|Any CPU
		{0BB4DF26-4470-4FAD-8CAD-595F20A7C1D8}.Release|Any CPU.Build.0 = Release|Any CPU
	EndGlobalSection
	GlobalSection(SolutionProperties) = preSolution
		HideSolutionNode = FALSE
	EndGlobalSection
EndGlobal
